
Microsoft Visual Studio Solution File, Format Version 12.00
# Visual Studio Version 17
VisualStudioVersion = 17.8.34322.80
MinimumVisualStudioVersion = 10.0.40219.1
Project("{FAE04EC0-301F-11D3-BF4B-00C04F79EFBC}") = "asdasdsad", "asdasdsad\asdasdsad.csproj", "{344F9147-D01E-4C1A-8EB0-76E0EE0B42EA}"
EndProject
Global
	GlobalSection(SolutionConfigurationPlatforms) = preSolution
		Debug|Any CPU = Debug|Any CPU
		Release|Any CPU = Release|Any CPU
	EndGlobalSection
	GlobalSection(ProjectConfigurationPlatforms) = postSolution
		{344F9147-D01E-4C1A-8EB0-76E0EE0B42EA}.Debug|Any CPU.ActiveCfg = Debug|Any CPU
		{344F9147-D01E-4C1A-8EB0-76E0EE0B42EA}.Debug|Any CPU.Build.0 = Debug|Any CPU
		{344F9147-D01E-4C1A-8EB0-76E0EE0B42EA}.Release|Any CPU.ActiveCfg = Release|Any CPU
		{344F9147-D01E-4C1A-8EB0-76E0EE0B42EA}.Release|Any CPU.Build.0 = Release|Any CPU
	EndGlobalSection
	GlobalSection(SolutionProperties) = preSolution
		HideSolutionNode = FALSE
	EndGlobalSection
	GlobalSection(ExtensibilityGlobals) = postSolution
		SolutionGuid = {1723757C-DAD0-4860-999E-DB49B426FBE9}
	EndGlobalSection
EndGlobal
